# This file is automatically @generated by Cargo.
# It is not intended for manual editing.
version = 3

[[package]]
name = "libm"
version = "0.2.8"
source = "registry+https://github.com/rust-lang/crates.io-index"
checksum = "4ec2a862134d2a7d32d7983ddcdd1c4923530833c9f2ea1a44fc5fa473989058"

[[package]]
name = "noise-functions"
version = "0.1.2"
source = "registry+https://github.com/rust-lang/crates.io-index"
checksum = "56f7dcfa76adab810535c31e7dcc4093db47ae1a548e259043f6cd2d95e49495"
dependencies = [
 "libm",
]

[[package]]
name = "noise-functions-config"
version = "0.2.0"
dependencies = [
 "noise-functions",
]
